
Microsoft Visual Studio Solution File, Format Version 12.00
# Visual Studio Version 17
VisualStudioVersion = 17.1.32104.313
MinimumVisualStudioVersion = 10.0.40219.1
Project("{9A19103F-16F7-4668-BE54-9A1E7A4F7556}") = "PowerShell ISE Reworked", "PowerShell ISE Reworked\PowerShell ISE Reworked.csproj", "{B111F8EC-F4CD-4C78-908D-A08905D4C163}"
EndProject
Project("{840C416C-B8F3-42BC-B0DD-F6BB14C9F8CB}") = "PowerShell ISE Reworked Setup", "PowerShell ISE Reworked Setup\PowerShell ISE Reworked Setup.aiproj", "{A8054F5A-1FEB-4B42-8DED-5F69BFFEB38F}"
EndProject
Global
	GlobalSection(SolutionConfigurationPlatforms) = preSolution
		All|Any CPU = All|Any CPU
		Debug|Any CPU = Debug|Any CPU
		Release|Any CPU = Release|Any CPU
	EndGlobalSection
	GlobalSection(ProjectConfigurationPlatforms) = postSolution
		{B111F8EC-F4CD-4C78-908D-A08905D4C163}.All|Any CPU.ActiveCfg = Debug|Any CPU
		{B111F8EC-F4CD-4C78-908D-A08905D4C163}.All|Any CPU.Build.0 = Debug|Any CPU
		{B111F8EC-F4CD-4C78-908D-A08905D4C163}.Debug|Any CPU.ActiveCfg = Debug|Any CPU
		{B111F8EC-F4CD-4C78-908D-A08905D4C163}.Debug|Any CPU.Build.0 = Debug|Any CPU
		{B111F8EC-F4CD-4C78-908D-A08905D4C163}.Release|Any CPU.ActiveCfg = Release|Any CPU
		{B111F8EC-F4CD-4C78-908D-A08905D4C163}.Release|Any CPU.Build.0 = Release|Any CPU
		{A8054F5A-1FEB-4B42-8DED-5F69BFFEB38F}.All|Any CPU.ActiveCfg = DefaultBuild
		{A8054F5A-1FEB-4B42-8DED-5F69BFFEB38F}.Debug|Any CPU.ActiveCfg = DefaultBuild
		{A8054F5A-1FEB-4B42-8DED-5F69BFFEB38F}.Release|Any CPU.ActiveCfg = DefaultBuild
	EndGlobalSection
	GlobalSection(SolutionProperties) = preSolution
		HideSolutionNode = FALSE
	EndGlobalSection
	GlobalSection(ExtensibilityGlobals) = postSolution
		SolutionGuid = {AE9DC187-DE40-4AA1-9896-8419E3A18B2C}
	EndGlobalSection
EndGlobal
